
Microsoft Visual Studio Solution File, Format Version 12.00
# Visual Studio 15
VisualStudioVersion = 15.0.25807.0
MinimumVisualStudioVersion = 10.0.40219.1
Project("{FAE04EC0-301F-11D3-BF4B-00C04F79EFBC}") = "TermProject", "TermProject\TermProject.csproj", "{99C9E82C-C594-446D-AA59-8FFBC43AD226}"
EndProject
Project("{FAE04EC0-301F-11D3-BF4B-00C04F79EFBC}") = "TermProject.Infra", "TermProject.Infra\TermProject.Infra.csproj", "{AB8B448C-DD74-4D60-A041-3E5D03A32180}"
EndProject
Project("{FAE04EC0-301F-11D3-BF4B-00C04F79EFBC}") = "TermProject.ImageScreen", "TermProject.ImageScreen\TermProject.ImageScreen.csproj", "{356EE50E-3740-454F-98A7-27B7B4CEA0EC}"
EndProject
Project("{FAE04EC0-301F-11D3-BF4B-00C04F79EFBC}") = "TermProject.MapScreen", "TermProject.MapScreen\TermProject.MapScreen.csproj", "{2A1C5240-A4F4-477A-A514-DC61F9D4124A}"
EndProject
Project("{FAE04EC0-301F-11D3-BF4B-00C04F79EFBC}") = "TermProject.ButtonPanel", "TermProject.ButtonPanel\TermProject.ButtonPanel.csproj", "{75C9CCEF-D000-4CA1-87B2-858EB87EA3B8}"
EndProject
Global
	GlobalSection(SolutionConfigurationPlatforms) = preSolution
		Debug|Any CPU = Debug|Any CPU
		Release|Any CPU = Release|Any CPU
	EndGlobalSection
	GlobalSection(ProjectConfigurationPlatforms) = postSolution
		{99C9E82C-C594-446D-AA59-8FFBC43AD226}.Debug|Any CPU.ActiveCfg = Debug|Any CPU
		{99C9E82C-C594-446D-AA59-8FFBC43AD226}.Debug|Any CPU.Build.0 = Debug|Any CPU
		{99C9E82C-C594-446D-AA59-8FFBC43AD226}.Release|Any CPU.ActiveCfg = Release|Any CPU
		{99C9E82C-C594-446D-AA59-8FFBC43AD226}.Release|Any CPU.Build.0 = Release|Any CPU
		{AB8B448C-DD74-4D60-A041-3E5D03A32180}.Debug|Any CPU.ActiveCfg = Debug|Any CPU
		{AB8B448C-DD74-4D60-A041-3E5D03A32180}.Debug|Any CPU.Build.0 = Debug|Any CPU
		{AB8B448C-DD74-4D60-A041-3E5D03A32180}.Release|Any CPU.ActiveCfg = Release|Any CPU
		{AB8B448C-DD74-4D60-A041-3E5D03A32180}.Release|Any CPU.Build.0 = Release|Any CPU
		{356EE50E-3740-454F-98A7-27B7B4CEA0EC}.Debug|Any CPU.ActiveCfg = Debug|Any CPU
		{356EE50E-3740-454F-98A7-27B7B4CEA0EC}.Debug|Any CPU.Build.0 = Debug|Any CPU
		{356EE50E-3740-454F-98A7-27B7B4CEA0EC}.Release|Any CPU.ActiveCfg = Release|Any CPU
		{356EE50E-3740-454F-98A7-27B7B4CEA0EC}.Release|Any CPU.Build.0 = Release|Any CPU
		{2A1C5240-A4F4-477A-A514-DC61F9D4124A}.Debug|Any CPU.ActiveCfg = Debug|Any CPU
		{2A1C5240-A4F4-477A-A514-DC61F9D4124A}.Debug|Any CPU.Build.0 = Debug|Any CPU
		{2A1C5240-A4F4-477A-A514-DC61F9D4124A}.Release|Any CPU.ActiveCfg = Release|Any CPU
		{2A1C5240-A4F4-477A-A514-DC61F9D4124A}.Release|Any CPU.Build.0 = Release|Any CPU
		{75C9CCEF-D000-4CA1-87B2-858EB87EA3B8}.Debug|Any CPU.ActiveCfg = Debug|Any CPU
		{75C9CCEF-D000-4CA1-87B2-858EB87EA3B8}.Debug|Any CPU.Build.0 = Debug|Any CPU
		{75C9CCEF-D000-4CA1-87B2-858EB87EA3B8}.Release|Any CPU.ActiveCfg = Release|Any CPU
		{75C9CCEF-D000-4CA1-87B2-858EB87EA3B8}.Release|Any CPU.Build.0 = Release|Any CPU
	EndGlobalSection
	GlobalSection(SolutionProperties) = preSolution
		HideSolutionNode = FALSE
	EndGlobalSection
EndGlobal
